
Microsoft Visual Studio Solution File, Format Version 12.00
# Visual Studio 2012
Project("{FAE04EC0-301F-11D3-BF4B-00C04F79EFBC}") = "Media Orgainizer", "Media Orgainizer\Media Orgainizer.csproj", "{2DB6577B-7498-4329-9C78-4E234AD49A5C}"
EndProject
Project("{FAE04EC0-301F-11D3-BF4B-00C04F79EFBC}") = "Implementer", "Implementer\Implementer.csproj", "{AF361008-EB94-463E-A4EC-A5A5BDDA7E81}"
EndProject
Global
	GlobalSection(SolutionConfigurationPlatforms) = preSolution
		Debug|Any CPU = Debug|Any CPU
		Release|Any CPU = Release|Any CPU
	EndGlobalSection
	GlobalSection(ProjectConfigurationPlatforms) = postSolution
		{2DB6577B-7498-4329-9C78-4E234AD49A5C}.Debug|Any CPU.ActiveCfg = Debug|Any CPU
		{2DB6577B-7498-4329-9C78-4E234AD49A5C}.Debug|Any CPU.Build.0 = Debug|Any CPU
		{2DB6577B-7498-4329-9C78-4E234AD49A5C}.Release|Any CPU.ActiveCfg = Release|Any CPU
		{2DB6577B-7498-4329-9C78-4E234AD49A5C}.Release|Any CPU.Build.0 = Release|Any CPU
		{AF361008-EB94-463E-A4EC-A5A5BDDA7E81}.Debug|Any CPU.ActiveCfg = Debug|Any CPU
		{AF361008-EB94-463E-A4EC-A5A5BDDA7E81}.Debug|Any CPU.Build.0 = Debug|Any CPU
		{AF361008-EB94-463E-A4EC-A5A5BDDA7E81}.Release|Any CPU.ActiveCfg = Release|Any CPU
		{AF361008-EB94-463E-A4EC-A5A5BDDA7E81}.Release|Any CPU.Build.0 = Release|Any CPU
	EndGlobalSection
	GlobalSection(SolutionProperties) = preSolution
		HideSolutionNode = FALSE
	EndGlobalSection
EndGlobal
